
Microsoft Visual Studio Solution File, Format Version 12.00
# Visual Studio Version 17
VisualStudioVersion = 17.7.34031.279
MinimumVisualStudioVersion = 10.0.40219.1
Project("{FAE04EC0-301F-11D3-BF4B-00C04F79EFBC}") = "Key-encryption", "Key-encryption\Key-encryption.csproj", "{81C128CC-D019-4C70-9220-2188C7ECF29B}"
EndProject
Global
	GlobalSection(SolutionConfigurationPlatforms) = preSolution
		Debug|Any CPU = Debug|Any CPU
		Release|Any CPU = Release|Any CPU
	EndGlobalSection
	GlobalSection(ProjectConfigurationPlatforms) = postSolution
		{81C128CC-D019-4C70-9220-2188C7ECF29B}.Debug|Any CPU.ActiveCfg = Debug|Any CPU
		{81C128CC-D019-4C70-9220-2188C7ECF29B}.Debug|Any CPU.Build.0 = Debug|Any CPU
		{81C128CC-D019-4C70-9220-2188C7ECF29B}.Release|Any CPU.ActiveCfg = Release|Any CPU
		{81C128CC-D019-4C70-9220-2188C7ECF29B}.Release|Any CPU.Build.0 = Release|Any CPU
	EndGlobalSection
	GlobalSection(SolutionProperties) = preSolution
		HideSolutionNode = FALSE
	EndGlobalSection
	GlobalSection(ExtensibilityGlobals) = postSolution
		SolutionGuid = {6D2CF804-16AD-4E4F-8C84-6EC4B13F33AA}
	EndGlobalSection
EndGlobal
